
Microsoft Visual Studio Solution File, Format Version 12.00
Project("{FAE04EC0-301F-11D3-BF4B-00C04F79EFBC}") = "FinanceManagement", "FinanceManagement\FinanceManagement.csproj", "{DD6B3F36-6BA1-4DF0-A064-DC3BA0E28612}"
EndProject
Project("{FAE04EC0-301F-11D3-BF4B-00C04F79EFBC}") = "Test", "Test\Test.csproj", "{E62809F1-5F72-46F4-B368-201B2112BF71}"
EndProject
Global
	GlobalSection(SolutionConfigurationPlatforms) = preSolution
		Debug|Any CPU = Debug|Any CPU
		Release|Any CPU = Release|Any CPU
	EndGlobalSection
	GlobalSection(ProjectConfigurationPlatforms) = postSolution
		{DD6B3F36-6BA1-4DF0-A064-DC3BA0E28612}.Debug|Any CPU.ActiveCfg = Debug|Any CPU
		{DD6B3F36-6BA1-4DF0-A064-DC3BA0E28612}.Debug|Any CPU.Build.0 = Debug|Any CPU
		{DD6B3F36-6BA1-4DF0-A064-DC3BA0E28612}.Release|Any CPU.ActiveCfg = Release|Any CPU
		{DD6B3F36-6BA1-4DF0-A064-DC3BA0E28612}.Release|Any CPU.Build.0 = Release|Any CPU
		{E62809F1-5F72-46F4-B368-201B2112BF71}.Debug|Any CPU.ActiveCfg = Debug|Any CPU
		{E62809F1-5F72-46F4-B368-201B2112BF71}.Debug|Any CPU.Build.0 = Debug|Any CPU
		{E62809F1-5F72-46F4-B368-201B2112BF71}.Release|Any CPU.ActiveCfg = Release|Any CPU
		{E62809F1-5F72-46F4-B368-201B2112BF71}.Release|Any CPU.Build.0 = Release|Any CPU
	EndGlobalSection
EndGlobal
